
Microsoft Visual Studio Solution File, Format Version 12.00
# Visual Studio Version 17
VisualStudioVersion = 17.14.36603.0 d17.14
MinimumVisualStudioVersion = 10.0.40219.1
Project("{FAE04EC0-301F-11D3-BF4B-00C04F79EFBC}") = "SakuraEDL", "SakuraEDL.csproj", "{A578AA98-3A86-41DC-8F5B-E9B54EBE1AE6}"
EndProject
Global
	GlobalSection(SolutionConfigurationPlatforms) = preSolution
		Debug|AnyCPU = Debug|AnyCPU
		Release|AnyCPU = Release|AnyCPU
	EndGlobalSection
	GlobalSection(ProjectConfigurationPlatforms) = postSolution
		{A578AA98-3A86-41DC-8F5B-E9B54EBE1AE6}.Debug|AnyCPU.ActiveCfg = Debug|AnyCPU
		{A578AA98-3A86-41DC-8F5B-E9B54EBE1AE6}.Debug|AnyCPU.Build.0 = Debug|AnyCPU
		{A578AA98-3A86-41DC-8F5B-E9B54EBE1AE6}.Release|AnyCPU.ActiveCfg = Release|AnyCPU
		{A578AA98-3A86-41DC-8F5B-E9B54EBE1AE6}.Release|AnyCPU.Build.0 = Release|AnyCPU
	EndGlobalSection
	GlobalSection(SolutionProperties) = preSolution
		HideSolutionNode = FALSE
	EndGlobalSection
	GlobalSection(ExtensibilityGlobals) = postSolution
		SolutionGuid = {21DF87DA-C436-406E-AD5E-442B60B569B9}
	EndGlobalSection
EndGlobal
